
Microsoft Visual Studio Solution File, Format Version 12.00
# Visual Studio 15
VisualStudioVersion = 15.0.28307.421
MinimumVisualStudioVersion = 10.0.40219.1
Project("{2150E333-8FDC-42A3-9474-1A3956D46DE8}") = "1.Peanut.Presentation", "1.Peanut.Presentation", "{72171A83-1DC6-4B3C-B5E9-DF3763AE9EC5}"
EndProject
Project("{2150E333-8FDC-42A3-9474-1A3956D46DE8}") = "2.Peanut.Application", "2.Peanut.Application", "{76F6C652-F711-48B4-B1A6-0273D7BD78D4}"
EndProject
Project("{2150E333-8FDC-42A3-9474-1A3956D46DE8}") = "3.Peanut.Domain", "3.Peanut.Domain", "{1C973C43-E6EF-46CB-97D3-6A531A03AF01}"
EndProject
Project("{2150E333-8FDC-42A3-9474-1A3956D46DE8}") = "4.Peanut.Infrastructure", "4.Peanut.Infrastructure", "{FB5D2D97-061A-4135-94E6-06060CAD11C2}"
EndProject
Project("{2150E333-8FDC-42A3-9474-1A3956D46DE8}") = "Solution Items", "Solution Items", "{71F25A39-0A28-4225-BAA8-8987C72933C3}"
	ProjectSection(SolutionItems) = preProject
		设计说明.txt = 设计说明.txt
	EndProjectSection
EndProject
Project("{FAE04EC0-301F-11D3-BF4B-00C04F79EFBC}") = "Peanut.Web.MVC", "Peanut.Web.MVC\Peanut.Web.MVC.csproj", "{273B2B37-6797-458C-8686-B2DEE1DAA947}"
EndProject
Project("{FAE04EC0-301F-11D3-BF4B-00C04F79EFBC}") = "Peanut.Domain", "Peanut.DomainModel\Peanut.Domain.csproj", "{0BDACF2C-86A8-4886-ACC8-0A842F6F88C3}"
EndProject
Project("{FAE04EC0-301F-11D3-BF4B-00C04F79EFBC}") = "Peanut.Repository.EF", "Peanut.Repository.EF\Peanut.Repository.EF.csproj", "{F6DAC86D-696B-4802-8408-D9ED75E51EF4}"
EndProject
Project("{FAE04EC0-301F-11D3-BF4B-00C04F79EFBC}") = "Peanut.Repository.SQLSugar", "Peanut.Repository.SQLSugar\Peanut.Repository.SQLSugar.csproj", "{8CE8DEE0-821F-4B51-990C-C5A7BABE22F2}"
EndProject
Project("{FAE04EC0-301F-11D3-BF4B-00C04F79EFBC}") = "Peanut.WCFService", "Peanut.WCFService\Peanut.WCFService.csproj", "{352FC88F-F817-4C61-9589-7C3B141CDD75}"
EndProject
Project("{FAE04EC0-301F-11D3-BF4B-00C04F79EFBC}") = "Peanut.Infrastructure", "Peanut.Infrastructure\Peanut.Infrastructure.csproj", "{80656E81-A3D2-4FFE-9AAC-755E098D4F44}"
EndProject
Project("{FAE04EC0-301F-11D3-BF4B-00C04F79EFBC}") = "Peanut.Infrastructure.IOC.Unity", "Peanut.Infrastructure.IOC.Unity\Peanut.Infrastructure.IOC.Unity.csproj", "{25DEBC99-EBBD-4081-8F79-EC389C49F555}"
EndProject
Project("{FAE04EC0-301F-11D3-BF4B-00C04F79EFBC}") = "Peanut.Infrastructure.Log.NLog", "Peanut.Infrastructure.Log.NLog\Peanut.Infrastructure.Log.NLog.csproj", "{4FCF3C56-F2BE-4F27-98ED-8BF7B114634A}"
EndProject
Project("{FAE04EC0-301F-11D3-BF4B-00C04F79EFBC}") = "Peanut.Infrastructure.MQ.Rabbit", "Peanut.Infrastructure.MQ.Rabbit\Peanut.Infrastructure.MQ.Rabbit.csproj", "{88F16A3A-2B39-41B8-BCBA-918F6621DBE7}"
EndProject
Project("{FAE04EC0-301F-11D3-BF4B-00C04F79EFBC}") = "Peanut.Infrastructure.Job.Quartz", "Peanut.Infrastructure.Job.Quartz\Peanut.Infrastructure.Job.Quartz.csproj", "{41717CD9-31CD-490F-AE88-270B55E00574}"
EndProject
Project("{FAE04EC0-301F-11D3-BF4B-00C04F79EFBC}") = "Peanut.WebService", "Peanut.WebService\Peanut.WebService.csproj", "{AFCD9B66-8CC4-436F-A892-DA494E1ACD4D}"
EndProject
Project("{FAE04EC0-301F-11D3-BF4B-00C04F79EFBC}") = "Peanut.WCFHost", "Peanut.WCFHost\Peanut.WCFHost.csproj", "{50E83427-CDB7-4CE0-946E-89EFE2AB4354}"
EndProject
Project("{2150E333-8FDC-42A3-9474-1A3956D46DE8}") = "WCF", "WCF", "{6B54B0E4-C559-4B96-B2A9-CA54504148D2}"
EndProject
Project("{FAE04EC0-301F-11D3-BF4B-00C04F79EFBC}") = "Peanut.Infrastructure.Cache.Redis", "Peanut.Infrastructure.Cache.Redis\Peanut.Infrastructure.Cache.Redis.csproj", "{B1AD91B8-7829-4511-BADD-097326C031E5}"
EndProject
Project("{FAE04EC0-301F-11D3-BF4B-00C04F79EFBC}") = "Peanut.Infrastructure.Cache.Memcached", "Peanut.Infrastructure.Cache.MemoryCache\Peanut.Infrastructure.Cache.Memcached.csproj", "{68FF0CF8-29F8-4A92-AA4A-D46A87D308EA}"
EndProject
Project("{FAE04EC0-301F-11D3-BF4B-00C04F79EFBC}") = "Peanut.Infrastructure.AOP.WCF", "Peanut.Infrastructure.AOP.WCF\Peanut.Infrastructure.AOP.WCF.csproj", "{2F94B003-4490-4569-831A-54FE0CF33A81}"
EndProject
Project("{FAE04EC0-301F-11D3-BF4B-00C04F79EFBC}") = "Peanut.Web.API", "Peanut.Web.API\Peanut.Web.API.csproj", "{BC794439-7F9F-4D93-A3D9-5380332CD118}"
EndProject
Project("{2150E333-8FDC-42A3-9474-1A3956D46DE8}") = "Infrastructure.Core", "Infrastructure.Core", "{E87A70A2-27CE-4FCB-B706-F3F27010B179}"
EndProject
Global
	GlobalSection(SolutionConfigurationPlatforms) = preSolution
		Debug|Any CPU = Debug|Any CPU
		Release|Any CPU = Release|Any CPU
	EndGlobalSection
	GlobalSection(ProjectConfigurationPlatforms) = postSolution
		{273B2B37-6797-458C-8686-B2DEE1DAA947}.Debug|Any CPU.ActiveCfg = Debug|Any CPU
		{273B2B37-6797-458C-8686-B2DEE1DAA947}.Debug|Any CPU.Build.0 = Debug|Any CPU
		{273B2B37-6797-458C-8686-B2DEE1DAA947}.Release|Any CPU.ActiveCfg = Release|Any CPU
		{273B2B37-6797-458C-8686-B2DEE1DAA947}.Release|Any CPU.Build.0 = Release|Any CPU
		{0BDACF2C-86A8-4886-ACC8-0A842F6F88C3}.Debug|Any CPU.ActiveCfg = Debug|Any CPU
		{0BDACF2C-86A8-4886-ACC8-0A842F6F88C3}.Debug|Any CPU.Build.0 = Debug|Any CPU
		{0BDACF2C-86A8-4886-ACC8-0A842F6F88C3}.Release|Any CPU.ActiveCfg = Release|Any CPU
		{0BDACF2C-86A8-4886-ACC8-0A842F6F88C3}.Release|Any CPU.Build.0 = Release|Any CPU
		{F6DAC86D-696B-4802-8408-D9ED75E51EF4}.Debug|Any CPU.ActiveCfg = Debug|Any CPU
		{F6DAC86D-696B-4802-8408-D9ED75E51EF4}.Debug|Any CPU.Build.0 = Debug|Any CPU
		{F6DAC86D-696B-4802-8408-D9ED75E51EF4}.Release|Any CPU.ActiveCfg = Release|Any CPU
		{F6DAC86D-696B-4802-8408-D9ED75E51EF4}.Release|Any CPU.Build.0 = Release|Any CPU
		{8CE8DEE0-821F-4B51-990C-C5A7BABE22F2}.Debug|Any CPU.ActiveCfg = Debug|Any CPU
		{8CE8DEE0-821F-4B51-990C-C5A7BABE22F2}.Debug|Any CPU.Build.0 = Debug|Any CPU
		{8CE8DEE0-821F-4B51-990C-C5A7BABE22F2}.Release|Any CPU.ActiveCfg = Release|Any CPU
		{8CE8DEE0-821F-4B51-990C-C5A7BABE22F2}.Release|Any CPU.Build.0 = Release|Any CPU
		{352FC88F-F817-4C61-9589-7C3B141CDD75}.Debug|Any CPU.ActiveCfg = Debug|Any CPU
		{352FC88F-F817-4C61-9589-7C3B141CDD75}.Debug|Any CPU.Build.0 = Debug|Any CPU
		{352FC88F-F817-4C61-9589-7C3B141CDD75}.Release|Any CPU.ActiveCfg = Release|Any CPU
		{352FC88F-F817-4C61-9589-7C3B141CDD75}.Release|Any CPU.Build.0 = Release|Any CPU
		{80656E81-A3D2-4FFE-9AAC-755E098D4F44}.Debug|Any CPU.ActiveCfg = Debug|Any CPU
		{80656E81-A3D2-4FFE-9AAC-755E098D4F44}.Debug|Any CPU.Build.0 = Debug|Any CPU
		{80656E81-A3D2-4FFE-9AAC-755E098D4F44}.Release|Any CPU.ActiveCfg = Release|Any CPU
		{80656E81-A3D2-4FFE-9AAC-755E098D4F44}.Release|Any CPU.Build.0 = Release|Any CPU
		{25DEBC99-EBBD-4081-8F79-EC389C49F555}.Debug|Any CPU.ActiveCfg = Debug|Any CPU
		{25DEBC99-EBBD-4081-8F79-EC389C49F555}.Debug|Any CPU.Build.0 = Debug|Any CPU
		{25DEBC99-EBBD-4081-8F79-EC389C49F555}.Release|Any CPU.ActiveCfg = Release|Any CPU
		{25DEBC99-EBBD-4081-8F79-EC389C49F555}.Release|Any CPU.Build.0 = Release|Any CPU
		{4FCF3C56-F2BE-4F27-98ED-8BF7B114634A}.Debug|Any CPU.ActiveCfg = Debug|Any CPU
		{4FCF3C56-F2BE-4F27-98ED-8BF7B114634A}.Debug|Any CPU.Build.0 = Debug|Any CPU
		{4FCF3C56-F2BE-4F27-98ED-8BF7B114634A}.Release|Any CPU.ActiveCfg = Release|Any CPU
		{4FCF3C56-F2BE-4F27-98ED-8BF7B114634A}.Release|Any CPU.Build.0 = Release|Any CPU
		{88F16A3A-2B39-41B8-BCBA-918F6621DBE7}.Debug|Any CPU.ActiveCfg = Debug|Any CPU
		{88F16A3A-2B39-41B8-BCBA-918F6621DBE7}.Debug|Any CPU.Build.0 = Debug|Any CPU
		{88F16A3A-2B39-41B8-BCBA-918F6621DBE7}.Release|Any CPU.ActiveCfg = Release|Any CPU
		{88F16A3A-2B39-41B8-BCBA-918F6621DBE7}.Release|Any CPU.Build.0 = Release|Any CPU
		{41717CD9-31CD-490F-AE88-270B55E00574}.Debug|Any CPU.ActiveCfg = Debug|Any CPU
		{41717CD9-31CD-490F-AE88-270B55E00574}.Debug|Any CPU.Build.0 = Debug|Any CPU
		{41717CD9-31CD-490F-AE88-270B55E00574}.Release|Any CPU.ActiveCfg = Release|Any CPU
		{41717CD9-31CD-490F-AE88-270B55E00574}.Release|Any CPU.Build.0 = Release|Any CPU
		{AFCD9B66-8CC4-436F-A892-DA494E1ACD4D}.Debug|Any CPU.ActiveCfg = Debug|Any CPU
		{AFCD9B66-8CC4-436F-A892-DA494E1ACD4D}.Debug|Any CPU.Build.0 = Debug|Any CPU
		{AFCD9B66-8CC4-436F-A892-DA494E1ACD4D}.Release|Any CPU.ActiveCfg = Release|Any CPU
		{AFCD9B66-8CC4-436F-A892-DA494E1ACD4D}.Release|Any CPU.Build.0 = Release|Any CPU
		{50E83427-CDB7-4CE0-946E-89EFE2AB4354}.Debug|Any CPU.ActiveCfg = Debug|Any CPU
		{50E83427-CDB7-4CE0-946E-89EFE2AB4354}.Debug|Any CPU.Build.0 = Debug|Any CPU
		{50E83427-CDB7-4CE0-946E-89EFE2AB4354}.Release|Any CPU.ActiveCfg = Release|Any CPU
		{50E83427-CDB7-4CE0-946E-89EFE2AB4354}.Release|Any CPU.Build.0 = Release|Any CPU
		{B1AD91B8-7829-4511-BADD-097326C031E5}.Debug|Any CPU.ActiveCfg = Debug|Any CPU
		{B1AD91B8-7829-4511-BADD-097326C031E5}.Debug|Any CPU.Build.0 = Debug|Any CPU
		{B1AD91B8-7829-4511-BADD-097326C031E5}.Release|Any CPU.ActiveCfg = Release|Any CPU
		{B1AD91B8-7829-4511-BADD-097326C031E5}.Release|Any CPU.Build.0 = Release|Any CPU
		{68FF0CF8-29F8-4A92-AA4A-D46A87D308EA}.Debug|Any CPU.ActiveCfg = Debug|Any CPU
		{68FF0CF8-29F8-4A92-AA4A-D46A87D308EA}.Debug|Any CPU.Build.0 = Debug|Any CPU
		{68FF0CF8-29F8-4A92-AA4A-D46A87D308EA}.Release|Any CPU.ActiveCfg = Release|Any CPU
		{68FF0CF8-29F8-4A92-AA4A-D46A87D308EA}.Release|Any CPU.Build.0 = Release|Any CPU
		{2F94B003-4490-4569-831A-54FE0CF33A81}.Debug|Any CPU.ActiveCfg = Debug|Any CPU
		{2F94B003-4490-4569-831A-54FE0CF33A81}.Debug|Any CPU.Build.0 = Debug|Any CPU
		{2F94B003-4490-4569-831A-54FE0CF33A81}.Release|Any CPU.ActiveCfg = Release|Any CPU
		{2F94B003-4490-4569-831A-54FE0CF33A81}.Release|Any CPU.Build.0 = Release|Any CPU
		{BC794439-7F9F-4D93-A3D9-5380332CD118}.Debug|Any CPU.ActiveCfg = Debug|Any CPU
		{BC794439-7F9F-4D93-A3D9-5380332CD118}.Debug|Any CPU.Build.0 = Debug|Any CPU
		{BC794439-7F9F-4D93-A3D9-5380332CD118}.Release|Any CPU.ActiveCfg = Release|Any CPU
		{BC794439-7F9F-4D93-A3D9-5380332CD118}.Release|Any CPU.Build.0 = Release|Any CPU
	EndGlobalSection
	GlobalSection(SolutionProperties) = preSolution
		HideSolutionNode = FALSE
	EndGlobalSection
	GlobalSection(NestedProjects) = preSolution
		{273B2B37-6797-458C-8686-B2DEE1DAA947} = {72171A83-1DC6-4B3C-B5E9-DF3763AE9EC5}
		{0BDACF2C-86A8-4886-ACC8-0A842F6F88C3} = {1C973C43-E6EF-46CB-97D3-6A531A03AF01}
		{F6DAC86D-696B-4802-8408-D9ED75E51EF4} = {FB5D2D97-061A-4135-94E6-06060CAD11C2}
		{8CE8DEE0-821F-4B51-990C-C5A7BABE22F2} = {FB5D2D97-061A-4135-94E6-06060CAD11C2}
		{352FC88F-F817-4C61-9589-7C3B141CDD75} = {6B54B0E4-C559-4B96-B2A9-CA54504148D2}
		{80656E81-A3D2-4FFE-9AAC-755E098D4F44} = {E87A70A2-27CE-4FCB-B706-F3F27010B179}
		{25DEBC99-EBBD-4081-8F79-EC389C49F555} = {FB5D2D97-061A-4135-94E6-06060CAD11C2}
		{4FCF3C56-F2BE-4F27-98ED-8BF7B114634A} = {FB5D2D97-061A-4135-94E6-06060CAD11C2}
		{88F16A3A-2B39-41B8-BCBA-918F6621DBE7} = {FB5D2D97-061A-4135-94E6-06060CAD11C2}
		{41717CD9-31CD-490F-AE88-270B55E00574} = {FB5D2D97-061A-4135-94E6-06060CAD11C2}
		{AFCD9B66-8CC4-436F-A892-DA494E1ACD4D} = {76F6C652-F711-48B4-B1A6-0273D7BD78D4}
		{50E83427-CDB7-4CE0-946E-89EFE2AB4354} = {6B54B0E4-C559-4B96-B2A9-CA54504148D2}
		{6B54B0E4-C559-4B96-B2A9-CA54504148D2} = {76F6C652-F711-48B4-B1A6-0273D7BD78D4}
		{B1AD91B8-7829-4511-BADD-097326C031E5} = {FB5D2D97-061A-4135-94E6-06060CAD11C2}
		{68FF0CF8-29F8-4A92-AA4A-D46A87D308EA} = {FB5D2D97-061A-4135-94E6-06060CAD11C2}
		{2F94B003-4490-4569-831A-54FE0CF33A81} = {FB5D2D97-061A-4135-94E6-06060CAD11C2}
		{BC794439-7F9F-4D93-A3D9-5380332CD118} = {76F6C652-F711-48B4-B1A6-0273D7BD78D4}
		{E87A70A2-27CE-4FCB-B706-F3F27010B179} = {FB5D2D97-061A-4135-94E6-06060CAD11C2}
	EndGlobalSection
	GlobalSection(ExtensibilityGlobals) = postSolution
		SolutionGuid = {1823BDF6-92FE-4BA1-BB15-DC6698F963B4}
	EndGlobalSection
EndGlobal
